
Microsoft Visual Studio Solution File, Format Version 12.00
# Visual Studio Version 17
VisualStudioVersion = 17.14.36301.6 d17.14
MinimumVisualStudioVersion = 10.0.40219.1
Project("{FAE04EC0-301F-11D3-BF4B-00C04F79EFBC}") = "ReaderWriter.Core", "ReaderWriter.Core\ReaderWriter.Core.csproj", "{0933D664-CE68-451E-ADF6-6D9DA18B77A9}"
EndProject
Project("{FAE04EC0-301F-11D3-BF4B-00C04F79EFBC}") = "ReaderWriter.ConsoleApp", "ReaderWriter.ConsoleApp\ReaderWriter.ConsoleApp.csproj", "{8D6A21AE-7D13-4F2A-8754-446EADCB95B0}"
EndProject
Project("{FAE04EC0-301F-11D3-BF4B-00C04F79EFBC}") = "ReaderWriter.Tests", "ReaderWriter.Tests\ReaderWriter.Tests.csproj", "{143694C9-5575-449F-8484-40F3FD83B3C5}"
EndProject
Global
	GlobalSection(SolutionConfigurationPlatforms) = preSolution
		Debug|Any CPU = Debug|Any CPU
		Release|Any CPU = Release|Any CPU
	EndGlobalSection
	GlobalSection(ProjectConfigurationPlatforms) = postSolution
		{0933D664-CE68-451E-ADF6-6D9DA18B77A9}.Debug|Any CPU.ActiveCfg = Debug|Any CPU
		{0933D664-CE68-451E-ADF6-6D9DA18B77A9}.Debug|Any CPU.Build.0 = Debug|Any CPU
		{0933D664-CE68-451E-ADF6-6D9DA18B77A9}.Release|Any CPU.ActiveCfg = Release|Any CPU
		{0933D664-CE68-451E-ADF6-6D9DA18B77A9}.Release|Any CPU.Build.0 = Release|Any CPU
		{8D6A21AE-7D13-4F2A-8754-446EADCB95B0}.Debug|Any CPU.ActiveCfg = Debug|Any CPU
		{8D6A21AE-7D13-4F2A-8754-446EADCB95B0}.Debug|Any CPU.Build.0 = Debug|Any CPU
		{8D6A21AE-7D13-4F2A-8754-446EADCB95B0}.Release|Any CPU.ActiveCfg = Release|Any CPU
		{8D6A21AE-7D13-4F2A-8754-446EADCB95B0}.Release|Any CPU.Build.0 = Release|Any CPU
		{143694C9-5575-449F-8484-40F3FD83B3C5}.Debug|Any CPU.ActiveCfg = Debug|Any CPU
		{143694C9-5575-449F-8484-40F3FD83B3C5}.Debug|Any CPU.Build.0 = Debug|Any CPU
		{143694C9-5575-449F-8484-40F3FD83B3C5}.Release|Any CPU.ActiveCfg = Release|Any CPU
		{143694C9-5575-449F-8484-40F3FD83B3C5}.Release|Any CPU.Build.0 = Release|Any CPU
	EndGlobalSection
	GlobalSection(SolutionProperties) = preSolution
		HideSolutionNode = FALSE
	EndGlobalSection
	GlobalSection(ExtensibilityGlobals) = postSolution
		SolutionGuid = {EF234EBB-796E-477A-8959-AAAB6CE875B5}
	EndGlobalSection
EndGlobal
